
Microsoft Visual Studio Solution File, Format Version 12.00
# Visual Studio 14
VisualStudioVersion = 14.0.25420.1
MinimumVisualStudioVersion = 10.0.40219.1
Project("{FAE04EC0-301F-11D3-BF4B-00C04F79EFBC}") = "IISHost", "IISHost\IISHost.csproj", "{8D2D6E41-3CA8-4649-B9C5-CFC20B873EA3}"
EndProject
Project("{FAE04EC0-301F-11D3-BF4B-00C04F79EFBC}") = "Hosting", "Hosting\Hosting.csproj", "{C9D473F8-3B47-45BA-9264-3A8758198A34}"
EndProject
Project("{FAE04EC0-301F-11D3-BF4B-00C04F79EFBC}") = "Services", "Services\Services.csproj", "{E50864DE-86E8-4C9E-963C-D52CA65EA046}"
EndProject
Project("{FAE04EC0-301F-11D3-BF4B-00C04F79EFBC}") = "IISClient", "IISClient\IISClient.csproj", "{C52120DF-65FF-4728-B2CC-7A8EDDFB506A}"
EndProject
Project("{FAE04EC0-301F-11D3-BF4B-00C04F79EFBC}") = "Service.Contracts", "Contracts\Service.Contracts.csproj", "{F923EE93-F602-4B00-88D4-3632A81B8FD8}"
EndProject
Project("{FAE04EC0-301F-11D3-BF4B-00C04F79EFBC}") = "Client", "Client\Client.csproj", "{3DB9A3A3-8EE6-402D-8FAA-819A0562CC4F}"
EndProject
Global
	GlobalSection(SolutionConfigurationPlatforms) = preSolution
		Debug|Any CPU = Debug|Any CPU
		Development|Any CPU = Development|Any CPU
		Release|Any CPU = Release|Any CPU
	EndGlobalSection
	GlobalSection(ProjectConfigurationPlatforms) = postSolution
		{8D2D6E41-3CA8-4649-B9C5-CFC20B873EA3}.Debug|Any CPU.ActiveCfg = Debug|Any CPU
		{8D2D6E41-3CA8-4649-B9C5-CFC20B873EA3}.Debug|Any CPU.Build.0 = Debug|Any CPU
		{8D2D6E41-3CA8-4649-B9C5-CFC20B873EA3}.Development|Any CPU.ActiveCfg = Development|Any CPU
		{8D2D6E41-3CA8-4649-B9C5-CFC20B873EA3}.Development|Any CPU.Build.0 = Development|Any CPU
		{8D2D6E41-3CA8-4649-B9C5-CFC20B873EA3}.Release|Any CPU.ActiveCfg = Release|Any CPU
		{8D2D6E41-3CA8-4649-B9C5-CFC20B873EA3}.Release|Any CPU.Build.0 = Release|Any CPU
		{C9D473F8-3B47-45BA-9264-3A8758198A34}.Debug|Any CPU.ActiveCfg = Debug|Any CPU
		{C9D473F8-3B47-45BA-9264-3A8758198A34}.Debug|Any CPU.Build.0 = Debug|Any CPU
		{C9D473F8-3B47-45BA-9264-3A8758198A34}.Development|Any CPU.ActiveCfg = Development|Any CPU
		{C9D473F8-3B47-45BA-9264-3A8758198A34}.Development|Any CPU.Build.0 = Development|Any CPU
		{C9D473F8-3B47-45BA-9264-3A8758198A34}.Release|Any CPU.ActiveCfg = Release|Any CPU
		{C9D473F8-3B47-45BA-9264-3A8758198A34}.Release|Any CPU.Build.0 = Release|Any CPU
		{E50864DE-86E8-4C9E-963C-D52CA65EA046}.Debug|Any CPU.ActiveCfg = Debug|Any CPU
		{E50864DE-86E8-4C9E-963C-D52CA65EA046}.Debug|Any CPU.Build.0 = Debug|Any CPU
		{E50864DE-86E8-4C9E-963C-D52CA65EA046}.Development|Any CPU.ActiveCfg = Development|Any CPU
		{E50864DE-86E8-4C9E-963C-D52CA65EA046}.Development|Any CPU.Build.0 = Development|Any CPU
		{E50864DE-86E8-4C9E-963C-D52CA65EA046}.Release|Any CPU.ActiveCfg = Release|Any CPU
		{E50864DE-86E8-4C9E-963C-D52CA65EA046}.Release|Any CPU.Build.0 = Release|Any CPU
		{C52120DF-65FF-4728-B2CC-7A8EDDFB506A}.Debug|Any CPU.ActiveCfg = Debug|Any CPU
		{C52120DF-65FF-4728-B2CC-7A8EDDFB506A}.Debug|Any CPU.Build.0 = Debug|Any CPU
		{C52120DF-65FF-4728-B2CC-7A8EDDFB506A}.Development|Any CPU.ActiveCfg = Development|Any CPU
		{C52120DF-65FF-4728-B2CC-7A8EDDFB506A}.Development|Any CPU.Build.0 = Development|Any CPU
		{C52120DF-65FF-4728-B2CC-7A8EDDFB506A}.Release|Any CPU.ActiveCfg = Release|Any CPU
		{C52120DF-65FF-4728-B2CC-7A8EDDFB506A}.Release|Any CPU.Build.0 = Release|Any CPU
		{F923EE93-F602-4B00-88D4-3632A81B8FD8}.Debug|Any CPU.ActiveCfg = Debug|Any CPU
		{F923EE93-F602-4B00-88D4-3632A81B8FD8}.Debug|Any CPU.Build.0 = Debug|Any CPU
		{F923EE93-F602-4B00-88D4-3632A81B8FD8}.Development|Any CPU.ActiveCfg = Development|Any CPU
		{F923EE93-F602-4B00-88D4-3632A81B8FD8}.Development|Any CPU.Build.0 = Development|Any CPU
		{F923EE93-F602-4B00-88D4-3632A81B8FD8}.Release|Any CPU.ActiveCfg = Release|Any CPU
		{F923EE93-F602-4B00-88D4-3632A81B8FD8}.Release|Any CPU.Build.0 = Release|Any CPU
		{3DB9A3A3-8EE6-402D-8FAA-819A0562CC4F}.Debug|Any CPU.ActiveCfg = Debug|Any CPU
		{3DB9A3A3-8EE6-402D-8FAA-819A0562CC4F}.Debug|Any CPU.Build.0 = Debug|Any CPU
		{3DB9A3A3-8EE6-402D-8FAA-819A0562CC4F}.Development|Any CPU.ActiveCfg = Development|Any CPU
		{3DB9A3A3-8EE6-402D-8FAA-819A0562CC4F}.Development|Any CPU.Build.0 = Development|Any CPU
		{3DB9A3A3-8EE6-402D-8FAA-819A0562CC4F}.Release|Any CPU.ActiveCfg = Release|Any CPU
		{3DB9A3A3-8EE6-402D-8FAA-819A0562CC4F}.Release|Any CPU.Build.0 = Release|Any CPU
	EndGlobalSection
	GlobalSection(SolutionProperties) = preSolution
		HideSolutionNode = FALSE
	EndGlobalSection
EndGlobal
